
Microsoft Visual Studio Solution File, Format Version 12.00
# Visual Studio Version 17
VisualStudioVersion = 17.14.36310.24 d17.14
MinimumVisualStudioVersion = 10.0.40219.1
Project("{FAE04EC0-301F-11D3-BF4B-00C04F79EFBC}") = "EmailBpService", "EmailBpService\EmailBpService.csproj", "{617A2281-ECAB-489D-BC22-37F19A660881}"
EndProject
Global
	GlobalSection(SolutionConfigurationPlatforms) = preSolution
		Debug|Any CPU = Debug|Any CPU
		Release|Any CPU = Release|Any CPU
	EndGlobalSection
	GlobalSection(ProjectConfigurationPlatforms) = postSolution
		{617A2281-ECAB-489D-BC22-37F19A660881}.Debug|Any CPU.ActiveCfg = Debug|Any CPU
		{617A2281-ECAB-489D-BC22-37F19A660881}.Debug|Any CPU.Build.0 = Debug|Any CPU
		{617A2281-ECAB-489D-BC22-37F19A660881}.Release|Any CPU.ActiveCfg = Release|Any CPU
		{617A2281-ECAB-489D-BC22-37F19A660881}.Release|Any CPU.Build.0 = Release|Any CPU
	EndGlobalSection
	GlobalSection(SolutionProperties) = preSolution
		HideSolutionNode = FALSE
	EndGlobalSection
	GlobalSection(ExtensibilityGlobals) = postSolution
		SolutionGuid = {CAC39656-26AD-4886-A002-599DD23344CD}
	EndGlobalSection
EndGlobal
